
Microsoft Visual Studio Solution File, Format Version 12.00
# Visual Studio Version 17
VisualStudioVersion = 17.13.35825.156 d17.13
MinimumVisualStudioVersion = 10.0.40219.1
Project("{FAE04EC0-301F-11D3-BF4B-00C04F79EFBC}") = "Payment method", "Payment method\Payment method.csproj", "{4F421E6A-B4F5-4C38-9978-52896EE69BD9}"
EndProject
Global
	GlobalSection(SolutionConfigurationPlatforms) = preSolution
		Debug|Any CPU = Debug|Any CPU
		Release|Any CPU = Release|Any CPU
	EndGlobalSection
	GlobalSection(ProjectConfigurationPlatforms) = postSolution
		{4F421E6A-B4F5-4C38-9978-52896EE69BD9}.Debug|Any CPU.ActiveCfg = Debug|Any CPU
		{4F421E6A-B4F5-4C38-9978-52896EE69BD9}.Debug|Any CPU.Build.0 = Debug|Any CPU
		{4F421E6A-B4F5-4C38-9978-52896EE69BD9}.Release|Any CPU.ActiveCfg = Release|Any CPU
		{4F421E6A-B4F5-4C38-9978-52896EE69BD9}.Release|Any CPU.Build.0 = Release|Any CPU
	EndGlobalSection
	GlobalSection(SolutionProperties) = preSolution
		HideSolutionNode = FALSE
	EndGlobalSection
	GlobalSection(ExtensibilityGlobals) = postSolution
		SolutionGuid = {468E6236-4D41-4709-BFF5-7B71F469B32F}
	EndGlobalSection
EndGlobal
